Microsoft Visual Studio Solution File, Format Version 12.00
# Visual Studio Version 17
VisualStudioVersion = 17.5.2.0
MinimumVisualStudioVersion = 10.0.40219.1
Project("{FAE04EC0-301F-11D3-BF4B-00C04F79EFBC}") = "DevOpsDemo", "DevOpsDemo.csproj", "{6CD8AFE3-C9CD-2B71-BE0E-EB681376C474}"
EndProject
Global
	GlobalSection(SolutionConfigurationPlatforms) = preSolution
		Debug|Any CPU = Debug|Any CPU
		Release|Any CPU = Release|Any CPU
	EndGlobalSection
	GlobalSection(ProjectConfigurationPlatforms) = postSolution
		{6CD8AFE3-C9CD-2B71-BE0E-EB681376C474}.Debug|Any CPU.ActiveCfg = Debug|Any CPU
		{6CD8AFE3-C9CD-2B71-BE0E-EB681376C474}.Debug|Any CPU.Build.0 = Debug|Any CPU
		{6CD8AFE3-C9CD-2B71-BE0E-EB681376C474}.Release|Any CPU.ActiveCfg = Release|Any CPU
		{6CD8AFE3-C9CD-2B71-BE0E-EB681376C474}.Release|Any CPU.Build.0 = Release|Any CPU
	EndGlobalSection
	GlobalSection(SolutionProperties) = preSolution
		HideSolutionNode = FALSE
	EndGlobalSection
	GlobalSection(ExtensibilityGlobals) = postSolution
		SolutionGuid = {C018A10A-F704-4BAD-B315-A3C9948C5F59}
	EndGlobalSection
EndGlobal
